{
  "name": "@desco/sql-inline",
  "version": "1.0.0",
  "lockfileVersion": 1,
  "requires": true,
  "dependencies": {
    "@desco/get-quotes-content": {
      "version": "1.2.0",
      "resolved": "https://registry.npmjs.org/@desco/get-quotes-content/-/get-quotes-content-1.2.0.tgz",
      "integrity": "sha512-i7r046NXaiOmHrMZJivFjDJ26W6As0m1RhvPqpr8REeknoi1EAVgVGGRZdicf5Vw4e84Zppal2XBxf3+hSJjew=="
    },
    "replaceall": {
      "version": "0.1.6",
      "resolved": "https://registry.npmjs.org/replaceall/-/replaceall-0.1.6.tgz",
      "integrity": "sha1-gdgax663LX9cSUKt8ml6MiBojY4="
    }
  }
}
